
Microsoft Visual Studio Solution File, Format Version 12.00
# Visual Studio Version 17
VisualStudioVersion = 17.14.36301.6 d17.14
MinimumVisualStudioVersion = 10.0.40219.1
Project("{FAE04EC0-301F-11D3-BF4B-00C04F79EFBC}") = "LondonStock.API", "LondonStock\LondonStock.API.csproj", "{3F0F5C9C-2C68-46A7-B3CC-C93124526690}"
EndProject
Project("{FAE04EC0-301F-11D3-BF4B-00C04F79EFBC}") = "LondonStock.Application", "LondonStock.Application\LondonStock.Application.csproj", "{8BACC684-A9AA-42C8-A7A5-FB5724050DA7}"
EndProject
Project("{FAE04EC0-301F-11D3-BF4B-00C04F79EFBC}") = "LondonStock.Infrastructure", "LondonStock.Infrastructure\LondonStock.Infrastructure.csproj", "{D93C374C-C814-4460-8A67-0F77BE0194ED}"
EndProject
Project("{FAE04EC0-301F-11D3-BF4B-00C04F79EFBC}") = "LondonStock.Domain", "LondonStock.Domain\LondonStock.Domain.csproj", "{D7928892-CEE2-458F-9E95-0EA57A5A6397}"
EndProject
Global
	GlobalSection(SolutionConfigurationPlatforms) = preSolution
		Debug|Any CPU = Debug|Any CPU
		Release|Any CPU = Release|Any CPU
	EndGlobalSection
	GlobalSection(ProjectConfigurationPlatforms) = postSolution
		{3F0F5C9C-2C68-46A7-B3CC-C93124526690}.Debug|Any CPU.ActiveCfg = Debug|Any CPU
		{3F0F5C9C-2C68-46A7-B3CC-C93124526690}.Debug|Any CPU.Build.0 = Debug|Any CPU
		{3F0F5C9C-2C68-46A7-B3CC-C93124526690}.Release|Any CPU.ActiveCfg = Release|Any CPU
		{3F0F5C9C-2C68-46A7-B3CC-C93124526690}.Release|Any CPU.Build.0 = Release|Any CPU
		{8BACC684-A9AA-42C8-A7A5-FB5724050DA7}.Debug|Any CPU.ActiveCfg = Debug|Any CPU
		{8BACC684-A9AA-42C8-A7A5-FB5724050DA7}.Debug|Any CPU.Build.0 = Debug|Any CPU
		{8BACC684-A9AA-42C8-A7A5-FB5724050DA7}.Release|Any CPU.ActiveCfg = Release|Any CPU
		{8BACC684-A9AA-42C8-A7A5-FB5724050DA7}.Release|Any CPU.Build.0 = Release|Any CPU
		{D93C374C-C814-4460-8A67-0F77BE0194ED}.Debug|Any CPU.ActiveCfg = Debug|Any CPU
		{D93C374C-C814-4460-8A67-0F77BE0194ED}.Debug|Any CPU.Build.0 = Debug|Any CPU
		{D93C374C-C814-4460-8A67-0F77BE0194ED}.Release|Any CPU.ActiveCfg = Release|Any CPU
		{D93C374C-C814-4460-8A67-0F77BE0194ED}.Release|Any CPU.Build.0 = Release|Any CPU
		{D7928892-CEE2-458F-9E95-0EA57A5A6397}.Debug|Any CPU.ActiveCfg = Debug|Any CPU
		{D7928892-CEE2-458F-9E95-0EA57A5A6397}.Debug|Any CPU.Build.0 = Debug|Any CPU
		{D7928892-CEE2-458F-9E95-0EA57A5A6397}.Release|Any CPU.ActiveCfg = Release|Any CPU
		{D7928892-CEE2-458F-9E95-0EA57A5A6397}.Release|Any CPU.Build.0 = Release|Any CPU
	EndGlobalSection
	GlobalSection(SolutionProperties) = preSolution
		HideSolutionNode = FALSE
	EndGlobalSection
	GlobalSection(ExtensibilityGlobals) = postSolution
		SolutionGuid = {E1CBF297-BAB1-41D1-B714-A2241E9C95A3}
	EndGlobalSection
EndGlobal
